Microsoft Visual Studio Solution File, Format Version 12.00
# Visual Studio Version 17
VisualStudioVersion = 17.5.2.0
MinimumVisualStudioVersion = 10.0.40219.1
Project("{FAE04EC0-301F-11D3-BF4B-00C04F79EFBC}") = "clase-uno", "clase-uno.csproj", "{700891BF-1381-6051-E53C-BC2483F6654D}"
EndProject
Global
	GlobalSection(SolutionConfigurationPlatforms) = preSolution
		Debug|Any CPU = Debug|Any CPU
		Release|Any CPU = Release|Any CPU
	EndGlobalSection
	GlobalSection(ProjectConfigurationPlatforms) = postSolution
		{700891BF-1381-6051-E53C-BC2483F6654D}.Debug|Any CPU.ActiveCfg = Debug|Any CPU
		{700891BF-1381-6051-E53C-BC2483F6654D}.Debug|Any CPU.Build.0 = Debug|Any CPU
		{700891BF-1381-6051-E53C-BC2483F6654D}.Release|Any CPU.ActiveCfg = Release|Any CPU
		{700891BF-1381-6051-E53C-BC2483F6654D}.Release|Any CPU.Build.0 = Release|Any CPU
	EndGlobalSection
	GlobalSection(SolutionProperties) = preSolution
		HideSolutionNode = FALSE
	EndGlobalSection
	GlobalSection(ExtensibilityGlobals) = postSolution
		SolutionGuid = {126396C6-D294-4155-A9A7-27CAC02B5934}
	EndGlobalSection
EndGlobal
